
Microsoft Visual Studio Solution File, Format Version 12.00
# Visual Studio 14
VisualStudioVersion = 14.0.24720.0
MinimumVisualStudioVersion = 10.0.40219.1
Project("{FAE04EC0-301F-11D3-BF4B-00C04F79EFBC}") = "Conexion", "Conexion\Conexion.csproj", "{EEC1FA2D-5AA4-4BE9-A993-51F7F7096F82}"
EndProject
Project("{FAE04EC0-301F-11D3-BF4B-00C04F79EFBC}") = "Negocio", "Negocio\Negocio.csproj", "{34EEAEED-3B30-4FF2-BB8F-B75F46A65259}"
EndProject
Global
	GlobalSection(SolutionConfigurationPlatforms) = preSolution
		Debug|Any CPU = Debug|Any CPU
		Debug|ARM = Debug|ARM
		Debug|x64 = Debug|x64
		Debug|x86 = Debug|x86
		Release|Any CPU = Release|Any CPU
		Release|ARM = Release|ARM
		Release|x64 = Release|x64
		Release|x86 = Release|x86
	EndGlobalSection
	GlobalSection(ProjectConfigurationPlatforms) = postSolution
		{EEC1FA2D-5AA4-4BE9-A993-51F7F7096F82}.Debug|Any CPU.ActiveCfg = Debug|Any CPU
		{EEC1FA2D-5AA4-4BE9-A993-51F7F7096F82}.Debug|Any CPU.Build.0 = Debug|Any CPU
		{EEC1FA2D-5AA4-4BE9-A993-51F7F7096F82}.Debug|ARM.ActiveCfg = Debug|Any CPU
		{EEC1FA2D-5AA4-4BE9-A993-51F7F7096F82}.Debug|ARM.Build.0 = Debug|Any CPU
		{EEC1FA2D-5AA4-4BE9-A993-51F7F7096F82}.Debug|x64.ActiveCfg = Debug|Any CPU
		{EEC1FA2D-5AA4-4BE9-A993-51F7F7096F82}.Debug|x64.Build.0 = Debug|Any CPU
		{EEC1FA2D-5AA4-4BE9-A993-51F7F7096F82}.Debug|x86.ActiveCfg = Debug|Any CPU
		{EEC1FA2D-5AA4-4BE9-A993-51F7F7096F82}.Debug|x86.Build.0 = Debug|Any CPU
		{EEC1FA2D-5AA4-4BE9-A993-51F7F7096F82}.Release|Any CPU.ActiveCfg = Release|Any CPU
		{EEC1FA2D-5AA4-4BE9-A993-51F7F7096F82}.Release|Any CPU.Build.0 = Release|Any CPU
		{EEC1FA2D-5AA4-4BE9-A993-51F7F7096F82}.Release|ARM.ActiveCfg = Release|Any CPU
		{EEC1FA2D-5AA4-4BE9-A993-51F7F7096F82}.Release|ARM.Build.0 = Release|Any CPU
		{EEC1FA2D-5AA4-4BE9-A993-51F7F7096F82}.Release|x64.ActiveCfg = Release|Any CPU
		{EEC1FA2D-5AA4-4BE9-A993-51F7F7096F82}.Release|x64.Build.0 = Release|Any CPU
		{EEC1FA2D-5AA4-4BE9-A993-51F7F7096F82}.Release|x86.ActiveCfg = Release|Any CPU
		{EEC1FA2D-5AA4-4BE9-A993-51F7F7096F82}.Release|x86.Build.0 = Release|Any CPU
		{34EEAEED-3B30-4FF2-BB8F-B75F46A65259}.Debug|Any CPU.ActiveCfg = Debug|Any CPU
		{34EEAEED-3B30-4FF2-BB8F-B75F46A65259}.Debug|Any CPU.Build.0 = Debug|Any CPU
		{34EEAEED-3B30-4FF2-BB8F-B75F46A65259}.Debug|ARM.ActiveCfg = Debug|Any CPU
		{34EEAEED-3B30-4FF2-BB8F-B75F46A65259}.Debug|ARM.Build.0 = Debug|Any CPU
		{34EEAEED-3B30-4FF2-BB8F-B75F46A65259}.Debug|x64.ActiveCfg = Debug|Any CPU
		{34EEAEED-3B30-4FF2-BB8F-B75F46A65259}.Debug|x64.Build.0 = Debug|Any CPU
		{34EEAEED-3B30-4FF2-BB8F-B75F46A65259}.Debug|x86.ActiveCfg = Debug|Any CPU
		{34EEAEED-3B30-4FF2-BB8F-B75F46A65259}.Debug|x86.Build.0 = Debug|Any CPU
		{34EEAEED-3B30-4FF2-BB8F-B75F46A65259}.Release|Any CPU.ActiveCfg = Release|Any CPU
		{34EEAEED-3B30-4FF2-BB8F-B75F46A65259}.Release|Any CPU.Build.0 = Release|Any CPU
		{34EEAEED-3B30-4FF2-BB8F-B75F46A65259}.Release|ARM.ActiveCfg = Release|Any CPU
		{34EEAEED-3B30-4FF2-BB8F-B75F46A65259}.Release|ARM.Build.0 = Release|Any CPU
		{34EEAEED-3B30-4FF2-BB8F-B75F46A65259}.Release|x64.ActiveCfg = Release|Any CPU
		{34EEAEED-3B30-4FF2-BB8F-B75F46A65259}.Release|x64.Build.0 = Release|Any CPU
		{34EEAEED-3B30-4FF2-BB8F-B75F46A65259}.Release|x86.ActiveCfg = Release|Any CPU
		{34EEAEED-3B30-4FF2-BB8F-B75F46A65259}.Release|x86.Build.0 = Release|Any CPU
	EndGlobalSection
	GlobalSection(SolutionProperties) = preSolution
		HideSolutionNode = FALSE
	EndGlobalSection
EndGlobal
